
Microsoft Visual Studio Solution File, Format Version 12.00
# Visual Studio Version 16
VisualStudioVersion = 16.0.31624.102
MinimumVisualStudioVersion = 10.0.40219.1
Project("{8BC9CEB8-8B4A-11D0-8D11-00A0C91BC942}") = "laba_2.3", "laba_2.3.vcxproj", "{7CBED194-A1F9-40A7-9FBD-BD39B9A2E41A}"
EndProject
Global
	GlobalSection(SolutionConfigurationPlatforms) = preSolution
		Debug|x64 = Debug|x64
		Debug|x86 = Debug|x86
		Release|x64 = Release|x64
		Release|x86 = Release|x86
	EndGlobalSection
	GlobalSection(ProjectConfigurationPlatforms) = postSolution
		{7CBED194-A1F9-40A7-9FBD-BD39B9A2E41A}.Debug|x64.ActiveCfg = Debug|x64
		{7CBED194-A1F9-40A7-9FBD-BD39B9A2E41A}.Debug|x64.Build.0 = Debug|x64
		{7CBED194-A1F9-40A7-9FBD-BD39B9A2E41A}.Debug|x86.ActiveCfg = Debug|Win32
		{7CBED194-A1F9-40A7-9FBD-BD39B9A2E41A}.Debug|x86.Build.0 = Debug|Win32
		{7CBED194-A1F9-40A7-9FBD-BD39B9A2E41A}.Release|x64.ActiveCfg = Release|x64
		{7CBED194-A1F9-40A7-9FBD-BD39B9A2E41A}.Release|x64.Build.0 = Release|x64
		{7CBED194-A1F9-40A7-9FBD-BD39B9A2E41A}.Release|x86.ActiveCfg = Release|Win32
		{7CBED194-A1F9-40A7-9FBD-BD39B9A2E41A}.Release|x86.Build.0 = Release|Win32
	EndGlobalSection
	GlobalSection(SolutionProperties) = preSolution
		HideSolutionNode = FALSE
	EndGlobalSection
	GlobalSection(ExtensibilityGlobals) = postSolution
		SolutionGuid = {25E7AB4E-AB45-4708-9263-9A08C0B863B8}
	EndGlobalSection
EndGlobal
